// !$*UTF8*$!
{
	archiveVersion = 1;
	classes = {
	};
	objectVersion = 50;
	objects = {

/* Begin PBXBuildFile section */
		0551A1ED219DEAF100D3E251 /* AppDelegate.swift in Sources */ = {isa = PBXBuildFile; fileRef = 0551A1EC219DEAF100D3E251 /* AppDelegate.swift */; };
		0551A1EF219DEAF100D3E251 /* ImageListViewController.swift in Sources */ = {isa = PBXBuildFile; fileRef = 0551A1EE219DEAF100D3E251 /* ImageListViewController.swift */; };
		0551A1F2219DEAF100D3E251 /* Main.storyboard in Resources */ = {isa = PBXBuildFile; fileRef = 0551A1F0219DEAF100D3E251 /* Main.storyboard */; };
		0551A1F4219DEAF400D3E251 /* Assets.xcassets in Resources */ = {isa = PBXBuildFile; fileRef = 0551A1F3219DEAF400D3E251 /* Assets.xcassets */; };
		0551A1F7219DEAF400D3E251 /* LaunchScreen.storyboard in Resources */ = {isa = PBXBuildFile; fileRef = 0551A1F5219DEAF400D3E251 /* LaunchScreen.storyboard */; };
		059F42A4219E28370014C305 /* UIColorExtension.swift in Sources */ = {isa = PBXBuildFile; fileRef = 059F42A3219E28370014C305 /* UIColorExtension.swift */; };
		059F42A8219E33480014C305 /* UINavigationControllerExtension.swift in Sources */ = {isa = PBXBuildFile; fileRef = 059F42A7219E33480014C305 /* UINavigationControllerExtension.swift */; };
		059F42AB219E3BC50014C305 /* ListCell.swift in Sources */ = {isa = PBXBuildFile; fileRef = 059F42AA219E3BC50014C305 /* ListCell.swift */; };
		059F42BB219E51290014C305 /* ImageViewerTransitioningHandler.swift in Sources */ = {isa = PBXBuildFile; fileRef = 059F42AE219E51290014C305 /* ImageViewerTransitioningHandler.swift */; };
		059F42BC219E51290014C305 /* ImageViewerDismissalInteractor.swift in Sources */ = {isa = PBXBuildFile; fileRef = 059F42AF219E51290014C305 /* ImageViewerDismissalInteractor.swift */; };
		059F42BD219E51290014C305 /* ImageViewerPresentationTransition.swift in Sources */ = {isa = PBXBuildFile; fileRef = 059F42B0219E51290014C305 /* ImageViewerPresentationTransition.swift */; };
		059F42BE219E51290014C305 /* ImageViewerDismissalTransition.swift in Sources */ = {isa = PBXBuildFile; fileRef = 059F42B1219E51290014C305 /* ImageViewerDismissalTransition.swift */; };
		059F42BF219E51290014C305 /* Utilities.swift in Sources */ = {isa = PBXBuildFile; fileRef = 059F42B2219E51290014C305 /* Utilities.swift */; };
		059F42C0219E51290014C305 /* ImageViewerController.swift in Sources */ = {isa = PBXBuildFile; fileRef = 059F42B4219E51290014C305 /* ImageViewerController.swift */; };
		059F42C1219E51290014C305 /* ImageViewer-Assets.xcassets in Resources */ = {isa = PBXBuildFile; fileRef = 059F42B6219E51290014C305 /* ImageViewer-Assets.xcassets */; };
		059F42C2219E51290014C305 /* ImageViewerController.xib in Resources */ = {isa = PBXBuildFile; fileRef = 059F42B7219E51290014C305 /* ImageViewerController.xib */; };
		059F42C4219E51290014C305 /* AnimatableImageView.swift in Sources */ = {isa = PBXBuildFile; fileRef = 059F42B9219E51290014C305 /* AnimatableImageView.swift */; };
		059F42C5219E51290014C305 /* ImageViewerConfiguration.swift in Sources */ = {isa = PBXBuildFile; fileRef = 059F42BA219E51290014C305 /* ImageViewerConfiguration.swift */; };
		05C0835D219DFA07000C58A2 /* Constants.swift in Sources */ = {isa = PBXBuildFile; fileRef = 05C0835C219DFA07000C58A2 /* Constants.swift */; };
		05C08360219DFF70000C58A2 /* BaseViewController.swift in Sources */ = {isa = PBXBuildFile; fileRef = 05C0835F219DFF70000C58A2 /* BaseViewController.swift */; };
		05C08363219E019B000C58A2 /* UIViewControllerExtension.swift in Sources */ = {isa = PBXBuildFile; fileRef = 05C08362219E019B000C58A2 /* UIViewControllerExtension.swift */; };
		C47D7D2F028D44981D4F6B7F /* Pods_GifOrJif.framework in Frameworks */ = {isa = PBXBuildFile; fileRef = 10B3826F4F47784AC16D2A92 /* Pods_GifOrJif.framework */; };
/* End PBXBuildFile section */

/* Begin PBXFileReference section */
		0551A1E9219DEAF100D3E251 /* GifOrJif.app */ = {isa = PBXFileReference; explicitFileType = wrapper.application; includeInIndex = 0; path = GifOrJif.app; sourceTree = BUILT_PRODUCTS_DIR; };
		0551A1EC219DEAF100D3E251 /* AppDelegate.swift */ = {isa = PBXFileReference; lastKnownFileType = sourcecode.swift; path = AppDelegate.swift; sourceTree = "<group>"; };
		0551A1EE219DEAF100D3E251 /* ImageListViewController.swift */ = {isa = PBXFileReference; lastKnownFileType = sourcecode.swift; path = ImageListViewController.swift; sourceTree = "<group>"; };
		0551A1F1219DEAF100D3E251 /* Base */ = {isa = PBXFileReference; lastKnownFileType = file.storyboard; name = Base; path = Base.lproj/Main.storyboard; sourceTree = "<group>"; };
		0551A1F3219DEAF400D3E251 /* Assets.xcassets */ = {isa = PBXFileReference; lastKnownFileType = folder.assetcatalog; path = Assets.xcassets; sourceTree = "<group>"; };
		0551A1F6219DEAF400D3E251 /* Base */ = {isa = PBXFileReference; lastKnownFileType = file.storyboard; name = Base; path = Base.lproj/LaunchScreen.storyboard; sourceTree = "<group>"; };
		0551A1F8219DEAF400D3E251 /* Info.plist */ = {isa = PBXFileReference; lastKnownFileType = text.plist.xml; path = Info.plist; sourceTree = "<group>"; };
		059F42A3219E28370014C305 /* UIColorExtension.swift */ = {isa = PBXFileReference; lastKnownFileType = sourcecode.swift; path = UIColorExtension.swift; sourceTree = "<group>"; };
		059F42A7219E33480014C305 /* UINavigationControllerExtension.swift */ = {isa = PBXFileReference; lastKnownFileType = sourcecode.swift; path = UINavigationControllerExtension.swift; sourceTree = "<group>"; };
		059F42AA219E3BC50014C305 /* ListCell.swift */ = {isa = PBXFileReference; lastKnownFileType = sourcecode.swift; path = ListCell.swift; sourceTree = "<group>"; };
		059F42AE219E51290014C305 /* ImageViewerTransitioningHandler.swift */ = {isa = PBXFileReference; fileEncoding = 4; lastKnownFileType = sourcecode.swift; path = ImageViewerTransitioningHandler.swift; sourceTree = "<group>"; };
		059F42AF219E51290014C305 /* ImageViewerDismissalInteractor.swift */ = {isa = PBXFileReference; fileEncoding = 4; lastKnownFileType = sourcecode.swift; path = ImageViewerDismissalInteractor.swift; sourceTree = "<group>"; };
		059F42B0219E51290014C305 /* ImageViewerPresentationTransition.swift */ = {isa = PBXFileReference; fileEncoding = 4; lastKnownFileType = sourcecode.swift; path = ImageViewerPresentationTransition.swift; sourceTree = "<group>"; };
		059F42B1219E51290014C305 /* ImageViewerDismissalTransition.swift */ = {isa = PBXFileReference; fileEncoding = 4; lastKnownFileType = sourcecode.swift; path = ImageViewerDismissalTransition.swift; sourceTree = "<group>"; };
		059F42B2219E51290014C305 /* Utilities.swift */ = {isa = PBXFileReference; fileEncoding = 4; lastKnownFileType = sourcecode.swift; path = Utilities.swift; sourceTree = "<group>"; };
		059F42B4219E51290014C305 /* ImageViewerController.swift */ = {isa = PBXFileReference; fileEncoding = 4; lastKnownFileType = sourcecode.swift; path = ImageViewerController.swift; sourceTree = "<group>"; };
		059F42B6219E51290014C305 /* ImageViewer-Assets.xcassets */ = {isa = PBXFileReference; lastKnownFileType = folder.assetcatalog; path = "ImageViewer-Assets.xcassets"; sourceTree = "<group>"; };
		059F42B7219E51290014C305 /* ImageViewerController.xib */ = {isa = PBXFileReference; fileEncoding = 4; lastKnownFileType = file.xib; path = ImageViewerController.xib; sourceTree = "<group>"; };
		059F42B9219E51290014C305 /* AnimatableImageView.swift */ = {isa = PBXFileReference; fileEncoding = 4; lastKnownFileType = sourcecode.swift; path = AnimatableImageView.swift; sourceTree = "<group>"; };
		059F42BA219E51290014C305 /* ImageViewerConfiguration.swift */ = {isa = PBXFileReference; fileEncoding = 4; lastKnownFileType = sourcecode.swift; path = ImageViewerConfiguration.swift; sourceTree = "<group>"; };
		05C0835C219DFA07000C58A2 /* Constants.swift */ = {isa = PBXFileReference; lastKnownFileType = sourcecode.swift; path = Constants.swift; sourceTree = "<group>"; };
		05C0835F219DFF70000C58A2 /* BaseViewController.swift */ = {isa = PBXFileReference; fileEncoding = 4; lastKnownFileType = sourcecode.swift; path = BaseViewController.swift; sourceTree = "<group>"; };
		05C08362219E019B000C58A2 /* UIViewControllerExtension.swift */ = {isa = PBXFileReference; fileEncoding = 4; lastKnownFileType = sourcecode.swift; path = UIViewControllerExtension.swift; sourceTree = "<group>"; };
		10B3826F4F47784AC16D2A92 /* Pods_GifOrJif.framework */ = {isa = PBXFileReference; explicitFileType = wrapper.framework; includeInIndex = 0; path = Pods_GifOrJif.framework; sourceTree = BUILT_PRODUCTS_DIR; };
		592A0A7F2C432A6E802C1F22 /* Pods-GifOrJif.release.xcconfig */ = {isa = PBXFileReference; includeInIndex = 1; lastKnownFileType = text.xcconfig; name = "Pods-GifOrJif.release.xcconfig"; path = "Pods/Target Support Files/Pods-GifOrJif/Pods-GifOrJif.release.xcconfig"; sourceTree = "<group>"; };
		8036167D9F759266240A753A /* Pods-GifOrJif.debug.xcconfig */ = {isa = PBXFileReference; includeInIndex = 1; lastKnownFileType = text.xcconfig; name = "Pods-GifOrJif.debug.xcconfig"; path = "Pods/Target Support Files/Pods-GifOrJif/Pods-GifOrJif.debug.xcconfig"; sourceTree = "<group>"; };
/* End PBXFileReference section */

/* Begin PBXFrameworksBuildPhase section */
		0551A1E6219DEAF100D3E251 /* Frameworks */ = {
			isa = PBXFrameworksBuildPhase;
			buildActionMask = 2147483647;
			files = (
				C47D7D2F028D44981D4F6B7F /* Pods_GifOrJif.framework in Frameworks */,
			);
			runOnlyForDeploymentPostprocessing = 0;
		};
/* End PBXFrameworksBuildPhase section */

/* Begin PBXGroup section */
		0551A1E0219DEAF100D3E251 = {
			isa = PBXGroup;
			children = (
				0551A1EB219DEAF100D3E251 /* GifOrJif */,
				0551A1EA219DEAF100D3E251 /* Products */,
				129A221957E071E3BB0781A9 /* Pods */,
				F0F4B13685E586646B3C5CB5 /* Frameworks */,
			);
			sourceTree = "<group>";
		};
		0551A1EA219DEAF100D3E251 /* Products */ = {
			isa = PBXGroup;
			children = (
				0551A1E9219DEAF100D3E251 /* GifOrJif.app */,
			);
			name = Products;
			sourceTree = "<group>";
		};
		0551A1EB219DEAF100D3E251 /* GifOrJif */ = {
			isa = PBXGroup;
			children = (
				059F42AC219E50070014C305 /* SimpleImageViewer */,
				059F42A9219E3BAE0014C305 /* Subclass */,
				05C08361219E003A000C58A2 /* Extensions */,
				05C0835E219DFF57000C58A2 /* View Controllers */,
				0551A1EC219DEAF100D3E251 /* AppDelegate.swift */,
				0551A1F0219DEAF100D3E251 /* Main.storyboard */,
				0551A1F3219DEAF400D3E251 /* Assets.xcassets */,
				0551A1F5219DEAF400D3E251 /* LaunchScreen.storyboard */,
				05C0835C219DFA07000C58A2 /* Constants.swift */,
				0551A1F8219DEAF400D3E251 /* Info.plist */,
			);
			path = GifOrJif;
			sourceTree = "<group>";
		};
		059F42A9219E3BAE0014C305 /* Subclass */ = {
			isa = PBXGroup;
			children = (
				059F42AA219E3BC50014C305 /* ListCell.swift */,
			);
			path = Subclass;
			sourceTree = "<group>";
		};
		059F42AC219E50070014C305 /* SimpleImageViewer */ = {
			isa = PBXGroup;
			children = (
				059F42B9219E51290014C305 /* AnimatableImageView.swift */,
				059F42BA219E51290014C305 /* ImageViewerConfiguration.swift */,
				059F42B4219E51290014C305 /* ImageViewerController.swift */,
				059F42B5219E51290014C305 /* Resources */,
				059F42AD219E51290014C305 /* Transitions */,
				059F42B2219E51290014C305 /* Utilities.swift */,
			);
			path = SimpleImageViewer;
			sourceTree = "<group>";
		};
		059F42AD219E51290014C305 /* Transitions */ = {
			isa = PBXGroup;
			children = (
				059F42AE219E51290014C305 /* ImageViewerTransitioningHandler.swift */,
				059F42AF219E51290014C305 /* ImageViewerDismissalInteractor.swift */,
				059F42B0219E51290014C305 /* ImageViewerPresentationTransition.swift */,
				059F42B1219E51290014C305 /* ImageViewerDismissalTransition.swift */,
			);
			path = Transitions;
			sourceTree = "<group>";
		};
		059F42B5219E51290014C305 /* Resources */ = {
			isa = PBXGroup;
			children = (
				059F42B6219E51290014C305 /* ImageViewer-Assets.xcassets */,
				059F42B7219E51290014C305 /* ImageViewerController.xib */,
			);
			path = Resources;
			sourceTree = "<group>";
		};
		05C0835E219DFF57000C58A2 /* View Controllers */ = {
			isa = PBXGroup;
			children = (
				05C0835F219DFF70000C58A2 /* BaseViewController.swift */,
				0551A1EE219DEAF100D3E251 /* ImageListViewController.swift */,
			);
			path = "View Controllers";
			sourceTree = "<group>";
		};
		05C08361219E003A000C58A2 /* Extensions */ = {
			isa = PBXGroup;
			children = (
				05C08362219E019B000C58A2 /* UIViewControllerExtension.swift */,
				059F42A3219E28370014C305 /* UIColorExtension.swift */,
				059F42A7219E33480014C305 /* UINavigationControllerExtension.swift */,
			);
			path = Extensions;
			sourceTree = "<group>";
		};
		129A221957E071E3BB0781A9 /* Pods */ = {
			isa = PBXGroup;
			children = (
				8036167D9F759266240A753A /* Pods-GifOrJif.debug.xcconfig */,
				592A0A7F2C432A6E802C1F22 /* Pods-GifOrJif.release.xcconfig */,
			);
			name = Pods;
			sourceTree = "<group>";
		};
		F0F4B13685E586646B3C5CB5 /* Frameworks */ = {
			isa = PBXGroup;
			children = (
				10B3826F4F47784AC16D2A92 /* Pods_GifOrJif.framework */,
			);
			name = Frameworks;
			sourceTree = "<group>";
		};
/* End PBXGroup section */

/* Begin PBXNativeTarget section */
		0551A1E8219DEAF100D3E251 /* GifOrJif */ = {
			isa = PBXNativeTarget;
			buildConfigurationList = 0551A1FB219DEAF400D3E251 /* Build configuration list for PBXNativeTarget "GifOrJif" */;
			buildPhases = (
				AB9640E4A6A5C0C2350FD750 /* [CP] Check Pods Manifest.lock */,
				0551A1E5219DEAF100D3E251 /* Sources */,
				0551A1E6219DEAF100D3E251 /* Frameworks */,
				0551A1E7219DEAF100D3E251 /* Resources */,
				059F42A2219E1CE90014C305 /* Fabric */,
				95FA2F3AA07656AF733BFAB2 /* [CP] Embed Pods Frameworks */,
			);
			buildRules = (
			);
			dependencies = (
			);
			name = GifOrJif;
			productName = GifOrJif;
			productReference = 0551A1E9219DEAF100D3E251 /* GifOrJif.app */;
			productType = "com.apple.product-type.application";
		};
/* End PBXNativeTarget section */

/* Begin PBXProject section */
		0551A1E1219DEAF100D3E251 /* Project object */ = {
			isa = PBXProject;
			attributes = {
				LastSwiftUpdateCheck = 1010;
				LastUpgradeCheck = 1010;
				ORGANIZATIONNAME = "Ross Barbish";
				TargetAttributes = {
					0551A1E8219DEAF100D3E251 = {
						CreatedOnToolsVersion = 10.1;
					};
				};
			};
			buildConfigurationList = 0551A1E4219DEAF100D3E251 /* Build configuration list for PBXProject "GifOrJif" */;
			compatibilityVersion = "Xcode 9.3";
			developmentRegion = en;
			hasScannedForEncodings = 0;
			knownRegions = (
				en,
				Base,
			);
			mainGroup = 0551A1E0219DEAF100D3E251;
			productRefGroup = 0551A1EA219DEAF100D3E251 /* Products */;
			projectDirPath = "";
			projectRoot = "";
			targets = (
				0551A1E8219DEAF100D3E251 /* GifOrJif */,
			);
		};
/* End PBXProject section */

/* Begin PBXResourcesBuildPhase section */
		0551A1E7219DEAF100D3E251 /* Resources */ = {
			isa = PBXResourcesBuildPhase;
			buildActionMask = 2147483647;
			files = (
				059F42C1219E51290014C305 /* ImageViewer-Assets.xcassets in Resources */,
				0551A1F7219DEAF400D3E251 /* LaunchScreen.storyboard in Resources */,
				059F42C2219E51290014C305 /* ImageViewerController.xib in Resources */,
				0551A1F4219DEAF400D3E251 /* Assets.xcassets in Resources */,
				0551A1F2219DEAF100D3E251 /* Main.storyboard in Resources */,
			);
			runOnlyForDeploymentPostprocessing = 0;
		};
/* End PBXResourcesBuildPhase section */

/* Begin PBXShellScriptBuildPhase section */
		059F42A2219E1CE90014C305 /* Fabric */ = {
			isa = PBXShellScriptBuildPhase;
			buildActionMask = 2147483647;
			files = (
			);
			inputFileListPaths = (
			);
			inputPaths = (
			);
			name = Fabric;
			outputFileListPaths = (
			);
			outputPaths = (
			);
			runOnlyForDeploymentPostprocessing = 0;
			shellPath = /bin/sh;
			shellScript = "\"${PODS_ROOT}/Fabric/run\" 3dfe870c24db479a9f83c1638d14dcfc4fcb62e0 3f699f160b64f125ec56023014132312cfb963d6215b2e859d03ac828c39a0a4\n";
		};
		95FA2F3AA07656AF733BFAB2 /* [CP] Embed Pods Frameworks */ = {
			isa = PBXShellScriptBuildPhase;
			buildActionMask = 2147483647;
			files = (
			);
			inputFileListPaths = (
			);
			inputPaths = (
				"${SRCROOT}/Pods/Target Support Files/Pods-GifOrJif/Pods-GifOrJif-frameworks.sh",
				"${BUILT_PRODUCTS_DIR}/Kingfisher/Kingfisher.framework",
				"${BUILT_PRODUCTS_DIR}/RevealingSplashView/RevealingSplashView.framework",
			);
			name = "[CP] Embed Pods Frameworks";
			outputFileListPaths = (
			);
			outputPaths = (
				"${TARGET_BUILD_DIR}/${FRAMEWORKS_FOLDER_PATH}/Kingfisher.framework",
				"${TARGET_BUILD_DIR}/${FRAMEWORKS_FOLDER_PATH}/RevealingSplashView.framework",
			);
			runOnlyForDeploymentPostprocessing = 0;
			shellPath = /bin/sh;
			shellScript = "\"${SRCROOT}/Pods/Target Support Files/Pods-GifOrJif/Pods-GifOrJif-frameworks.sh\"\n";
			showEnvVarsInLog = 0;
		};
		AB9640E4A6A5C0C2350FD750 /* [CP] Check Pods Manifest.lock */ = {
			isa = PBXShellScriptBuildPhase;
			buildActionMask = 2147483647;
			files = (
			);
			inputFileListPaths = (
			);
			inputPaths = (
				"${PODS_PODFILE_DIR_PATH}/Podfile.lock",
				"${PODS_ROOT}/Manifest.lock",
			);
			name = "[CP] Check Pods Manifest.lock";
			outputFileListPaths = (
			);
			outputPaths = (
				"$(DERIVED_FILE_DIR)/Pods-GifOrJif-checkManifestLockResult.txt",
			);
			runOnlyForDeploymentPostprocessing = 0;
			shellPath = /bin/sh;
			shellScript = "diff \"${PODS_PODFILE_DIR_PATH}/Podfile.lock\" \"${PODS_ROOT}/Manifest.lock\" > /dev/null\nif [ $? != 0 ] ; then\n    # print error to STDERR\n    echo \"error: The sandbox is not in sync with the Podfile.lock. Run 'pod install' or update your CocoaPods installation.\" >&2\n    exit 1\nfi\n# This output is used by Xcode 'outputs' to avoid re-running this script phase.\necho \"SUCCESS\" > \"${SCRIPT_OUTPUT_FILE_0}\"\n";
			showEnvVarsInLog = 0;
		};
/* End PBXShellScriptBuildPhase section */

/* Begin PBXSourcesBuildPhase section */
		0551A1E5219DEAF100D3E251 /* Sources */ = {
			isa = PBXSourcesBuildPhase;
			buildActionMask = 2147483647;
			files = (
				059F42BC219E51290014C305 /* ImageViewerDismissalInteractor.swift in Sources */,
				059F42C4219E51290014C305 /* AnimatableImageView.swift in Sources */,
				059F42BB219E51290014C305 /* ImageViewerTransitioningHandler.swift in Sources */,
				059F42A8219E33480014C305 /* UINavigationControllerExtension.swift in Sources */,
				0551A1EF219DEAF100D3E251 /* ImageListViewController.swift in Sources */,
				059F42BF219E51290014C305 /* Utilities.swift in Sources */,
				059F42C5219E51290014C305 /* ImageViewerConfiguration.swift in Sources */,
				059F42BD219E51290014C305 /* ImageViewerPresentationTransition.swift in Sources */,
				05C08360219DFF70000C58A2 /* BaseViewController.swift in Sources */,
				05C08363219E019B000C58A2 /* UIViewControllerExtension.swift in Sources */,
				0551A1ED219DEAF100D3E251 /* AppDelegate.swift in Sources */,
				059F42C0219E51290014C305 /* ImageViewerController.swift in Sources */,
				059F42BE219E51290014C305 /* ImageViewerDismissalTransition.swift in Sources */,
				059F42AB219E3BC50014C305 /* ListCell.swift in Sources */,
				05C0835D219DFA07000C58A2 /* Constants.swift in Sources */,
				059F42A4219E28370014C305 /* UIColorExtension.swift in Sources */,
			);
			runOnlyForDeploymentPostprocessing = 0;
		};
/* End PBXSourcesBuildPhase section */

/* Begin PBXVariantGroup section */
		0551A1F0219DEAF100D3E251 /* Main.storyboard */ = {
			isa = PBXVariantGroup;
			children = (
				0551A1F1219DEAF100D3E251 /* Base */,
			);
			name = Main.storyboard;
			sourceTree = "<group>";
		};
		0551A1F5219DEAF400D3E251 /* LaunchScreen.storyboard */ = {
			isa = PBXVariantGroup;
			children = (
				0551A1F6219DEAF400D3E251 /* Base */,
			);
			name = LaunchScreen.storyboard;
			sourceTree = "<group>";
		};
/* End PBXVariantGroup section */

/* Begin XCBuildConfiguration section */
		0551A1F9219DEAF400D3E251 /* Debug */ = {
			isa = XCBuildConfiguration;
			buildSettings = {
				ALWAYS_SEARCH_USER_PATHS = NO;
				CLANG_ANALYZER_NONNULL = YES;
				CLANG_ANALYZER_NUMBER_OBJECT_CONVERSION = YES_AGGRESSIVE;
				CLANG_CXX_LANGUAGE_STANDARD = "gnu++14";
				CLANG_CXX_LIBRARY = "libc++";
				CLANG_ENABLE_MODULES = YES;
				CLANG_ENABLE_OBJC_ARC = YES;
				CLANG_ENABLE_OBJC_WEAK = YES;
				CLANG_WARN_BLOCK_CAPTURE_AUTORELEASING = YES;
				CLANG_WARN_BOOL_CONVERSION = YES;
				CLANG_WARN_COMMA = YES;
				CLANG_WARN_CONSTANT_CONVERSION = YES;
				CLANG_WARN_DEPRECATED_OBJC_IMPLEMENTATIONS = YES;
				CLANG_WARN_DIRECT_OBJC_ISA_USAGE = YES_ERROR;
				CLANG_WARN_DOCUMENTATION_COMMENTS = YES;
				CLANG_WARN_EMPTY_BODY = YES;
				CLANG_WARN_ENUM_CONVERSION = YES;
				CLANG_WARN_INFINITE_RECURSION = YES;
				CLANG_WARN_INT_CONVERSION = YES;
				CLANG_WARN_NON_LITERAL_NULL_CONVERSION = YES;
				CLANG_WARN_OBJC_IMPLICIT_RETAIN_SELF = YES;
				CLANG_WARN_OBJC_LITERAL_CONVERSION = YES;
				CLANG_WARN_OBJC_ROOT_CLASS = YES_ERROR;
				CLANG_WARN_RANGE_LOOP_ANALYSIS = YES;
				CLANG_WARN_STRICT_PROTOTYPES = YES;
				CLANG_WARN_SUSPICIOUS_MOVE = YES;
				CLANG_WARN_UNGUARDED_AVAILABILITY = YES_AGGRESSIVE;
				CLANG_WARN_UNREACHABLE_CODE = YES;
				CLANG_WARN__DUPLICATE_METHOD_MATCH = YES;
				CODE_SIGN_IDENTITY = "iPhone Developer";
				COPY_PHASE_STRIP = NO;
				DEBUG_INFORMATION_FORMAT = dwarf;
				ENABLE_STRICT_OBJC_MSGSEND = YES;
				ENABLE_TESTABILITY = YES;
				GCC_C_LANGUAGE_STANDARD = gnu11;
				GCC_DYNAMIC_NO_PIC = NO;
				GCC_NO_COMMON_BLOCKS = YES;
				GCC_OPTIMIZATION_LEVEL = 0;
				GCC_PREPROCESSOR_DEFINITIONS = (
					"DEBUG=1",
					"$(inherited)",
				);
				GCC_WARN_64_TO_32_BIT_CONVERSION = YES;
				GCC_WARN_ABOUT_RETURN_TYPE = YES_ERROR;
				GCC_WARN_UNDECLARED_SELECTOR = YES;
				GCC_WARN_UNINITIALIZED_AUTOS = YES_AGGRESSIVE;
				GCC_WARN_UNUSED_FUNCTION = YES;
				GCC_WARN_UNUSED_VARIABLE = YES;
				IPHONEOS_DEPLOYMENT_TARGET = 12.1;
				MTL_ENABLE_DEBUG_INFO = INCLUDE_SOURCE;
				MTL_FAST_MATH = YES;
				ONLY_ACTIVE_ARCH = YES;
				SDKROOT = iphoneos;
				SWIFT_ACTIVE_COMPILATION_CONDITIONS = DEBUG;
				SWIFT_OPTIMIZATION_LEVEL = "-Onone";
			};
			name = Debug;
		};
		0551A1FA219DEAF400D3E251 /* Release */ = {
			isa = XCBuildConfiguration;
			buildSettings = {
				ALWAYS_SEARCH_USER_PATHS = NO;
				CLANG_ANALYZER_NONNULL = YES;
				CLANG_ANALYZER_NUMBER_OBJECT_CONVERSION = YES_AGGRESSIVE;
				CLANG_CXX_LANGUAGE_STANDARD = "gnu++14";
				CLANG_CXX_LIBRARY = "libc++";
				CLANG_ENABLE_MODULES = YES;
				CLANG_ENABLE_OBJC_ARC = YES;
				CLANG_ENABLE_OBJC_WEAK = YES;
				CLANG_WARN_BLOCK_CAPTURE_AUTORELEASING = YES;
				CLANG_WARN_BOOL_CONVERSION = YES;
				CLANG_WARN_COMMA = YES;
				CLANG_WARN_CONSTANT_CONVERSION = YES;
				CLANG_WARN_DEPRECATED_OBJC_IMPLEMENTATIONS = YES;
				CLANG_WARN_DIRECT_OBJC_ISA_USAGE = YES_ERROR;
				CLANG_WARN_DOCUMENTATION_COMMENTS = YES;
				CLANG_WARN_EMPTY_BODY = YES;
				CLANG_WARN_ENUM_CONVERSION = YES;
				CLANG_WARN_INFINITE_RECURSION = YES;
				CLANG_WARN_INT_CONVERSION = YES;
				CLANG_WARN_NON_LITERAL_NULL_CONVERSION = YES;
				CLANG_WARN_OBJC_IMPLICIT_RETAIN_SELF = YES;
				CLANG_WARN_OBJC_LITERAL_CONVERSION = YES;
				CLANG_WARN_OBJC_ROOT_CLASS = YES_ERROR;
				CLANG_WARN_RANGE_LOOP_ANALYSIS = YES;
				CLANG_WARN_STRICT_PROTOTYPES = YES;
				CLANG_WARN_SUSPICIOUS_MOVE = YES;
				CLANG_WARN_UNGUARDED_AVAILABILITY = YES_AGGRESSIVE;
				CLANG_WARN_UNREACHABLE_CODE = YES;
				CLANG_WARN__DUPLICATE_METHOD_MATCH = YES;
				CODE_SIGN_IDENTITY = "iPhone Developer";
				COPY_PHASE_STRIP = NO;
				DEBUG_INFORMATION_FORMAT = "dwarf-with-dsym";
				ENABLE_NS_ASSERTIONS = NO;
				ENABLE_STRICT_OBJC_MSGSEND = YES;
				GCC_C_LANGUAGE_STANDARD = gnu11;
				GCC_NO_COMMON_BLOCKS = YES;
				GCC_WARN_64_TO_32_BIT_CONVERSION = YES;
				GCC_WARN_ABOUT_RETURN_TYPE = YES_ERROR;
				GCC_WARN_UNDECLARED_SELECTOR = YES;
				GCC_WARN_UNINITIALIZED_AUTOS = YES_AGGRESSIVE;
				GCC_WARN_UNUSED_FUNCTION = YES;
				GCC_WARN_UNUSED_VARIABLE = YES;
				IPHONEOS_DEPLOYMENT_TARGET = 12.1;
				MTL_ENABLE_DEBUG_INFO = NO;
				MTL_FAST_MATH = YES;
				SDKROOT = iphoneos;
				SWIFT_COMPILATION_MODE = wholemodule;
				SWIFT_OPTIMIZATION_LEVEL = "-O";
				VALIDATE_PRODUCT = YES;
			};
			name = Release;
		};
		0551A1FC219DEAF400D3E251 /* Debug */ = {
			isa = XCBuildConfiguration;
			baseConfigurationReference = 8036167D9F759266240A753A /* Pods-GifOrJif.debug.xcconfig */;
			buildSettings = {
				ASSETCATALOG_COMPILER_APPICON_NAME = AppIcon;
				CODE_SIGN_IDENTITY = "iPhone Developer";
				CODE_SIGN_STYLE = Automatic;
				DEBUG_INFORMATION_FORMAT = "dwarf-with-dsym";
				DEVELOPMENT_TEAM = "";
				INFOPLIST_FILE = GifOrJif/Info.plist;
				IPHONEOS_DEPLOYMENT_TARGET = 11.0;
				LD_RUNPATH_SEARCH_PATHS = (
					"$(inherited)",
					"@executable_path/Frameworks",
				);
				PRODUCT_BUNDLE_IDENTIFIER = com.rbarbish.GifOrJif;
				PRODUCT_NAME = "$(TARGET_NAME)";
				PROVISIONING_PROFILE_SPECIFIER = "";
				SWIFT_VERSION = 4.2;
				TARGETED_DEVICE_FAMILY = 1;
			};
			name = Debug;
		};
		0551A1FD219DEAF400D3E251 /* Release */ = {
			isa = XCBuildConfiguration;
			baseConfigurationReference = 592A0A7F2C432A6E802C1F22 /* Pods-GifOrJif.release.xcconfig */;
			buildSettings = {
				ASSETCATALOG_COMPILER_APPICON_NAME = AppIcon;
				CODE_SIGN_IDENTITY = "iPhone Developer";
				CODE_SIGN_STYLE = Automatic;
				DEBUG_INFORMATION_FORMAT = "dwarf-with-dsym";
				DEVELOPMENT_TEAM = "";
				INFOPLIST_FILE = GifOrJif/Info.plist;
				IPHONEOS_DEPLOYMENT_TARGET = 11.0;
				LD_RUNPATH_SEARCH_PATHS = (
					"$(inherited)",
					"@executable_path/Frameworks",
				);
				PRODUCT_BUNDLE_IDENTIFIER = com.rbarbish.GifOrJif;
				PRODUCT_NAME = "$(TARGET_NAME)";
				PROVISIONING_PROFILE_SPECIFIER = "";
				SWIFT_VERSION = 4.2;
				TARGETED_DEVICE_FAMILY = 1;
			};
			name = Release;
		};
/* End XCBuildConfiguration section */

/* Begin XCConfigurationList section */
		0551A1E4219DEAF100D3E251 /* Build configuration list for PBXProject "GifOrJif" */ = {
			isa = XCConfigurationList;
			buildConfigurations = (
				0551A1F9219DEAF400D3E251 /* Debug */,
				0551A1FA219DEAF400D3E251 /* Release */,
			);
			defaultConfigurationIsVisible = 0;
			defaultConfigurationName = Release;
		};
		0551A1FB219DEAF400D3E251 /* Build configuration list for PBXNativeTarget "GifOrJif" */ = {
			isa = XCConfigurationList;
			buildConfigurations = (
				0551A1FC219DEAF400D3E251 /* Debug */,
				0551A1FD219DEAF400D3E251 /* Release */,
			);
			defaultConfigurationIsVisible = 0;
			defaultConfigurationName = Release;
		};
/* End XCConfigurationList section */
	};
	rootObject = 0551A1E1219DEAF100D3E251 /* Project object */;
}
